// !$*UTF8*$!
{
	archiveVersion = 1;
	classes = {
	};
	objectVersion = 56;
	objects = {

/* Begin PBXBuildFile section */
		E124B9D929941A4D00C0D2D2 /* PrinterConfigView.swift in Sources */ = {isa = PBXBuildFile; fileRef = E124B9D829941A4D00C0D2D2 /* PrinterConfigView.swift */; };
		E16378B229A43CE1002F05E9 /* SoyuzScratchTests.swift in Sources */ = {isa = PBXBuildFile; fileRef = E16378B129A43CE1002F05E9 /* SoyuzScratchTests.swift */; };
		E16378B429A491E6002F05E9 /* PrinterRequestManagerTests.swift in Sources */ = {isa = PBXBuildFile; fileRef = E16378B329A491E6002F05E9 /* PrinterRequestManagerTests.swift */; };
		E180B5E92992CD9100425DB0 /* SoyuzApp.swift in Sources */ = {isa = PBXBuildFile; fileRef = E180B5E82992CD9100425DB0 /* SoyuzApp.swift */; };
		E180B5ED2992CD9200425DB0 /* Assets.xcassets in Resources */ = {isa = PBXBuildFile; fileRef = E180B5EC2992CD9200425DB0 /* Assets.xcassets */; };
		E180B5F02992CD9200425DB0 /* Preview Assets.xcassets in Resources */ = {isa = PBXBuildFile; fileRef = E180B5EF2992CD9200425DB0 /* Preview Assets.xcassets */; };
		E180B5F22992CD9200425DB0 /* Persistence.swift in Sources */ = {isa = PBXBuildFile; fileRef = E180B5F12992CD9200425DB0 /* Persistence.swift */; };
		E180B5F52992CD9200425DB0 /* KlipperMon.xcdatamodeld in Sources */ = {isa = PBXBuildFile; fileRef = E180B5F32992CD9200425DB0 /* KlipperMon.xcdatamodeld */; };
		E180B6002992CD9300425DB0 /* SoyuzTests.swift in Sources */ = {isa = PBXBuildFile; fileRef = E180B5FF2992CD9300425DB0 /* SoyuzTests.swift */; };
		E180B60A2992CD9300425DB0 /* SoyuzUITests.swift in Sources */ = {isa = PBXBuildFile; fileRef = E180B6092992CD9300425DB0 /* SoyuzUITests.swift */; };
		E180B60C2992CD9300425DB0 /* SoyuzUITestsLaunchTests.swift in Sources */ = {isa = PBXBuildFile; fileRef = E180B60B2992CD9300425DB0 /* SoyuzUITestsLaunchTests.swift */; };
		E180B61D2992D53700425DB0 /* PrinterObjectsQuery.swift in Sources */ = {isa = PBXBuildFile; fileRef = E180B61C2992D53700425DB0 /* PrinterObjectsQuery.swift */; };
		E180B61F2992DBB000425DB0 /* SoyuzMenuBarExtraView.swift in Sources */ = {isa = PBXBuildFile; fileRef = E180B61E2992DBB000425DB0 /* SoyuzMenuBarExtraView.swift */; };
		E180B6222993256E00425DB0 /* PrinterRequestManager.swift in Sources */ = {isa = PBXBuildFile; fileRef = E180B6212993256E00425DB0 /* PrinterRequestManager.swift */; };
		E1E8B07729949E2700BABE4B /* Starscream in Frameworks */ = {isa = PBXBuildFile; productRef = E1E8B07629949E2700BABE4B /* Starscream */; };
/* End PBXBuildFile section */

/* Begin PBXContainerItemProxy section */
		E180B5FC2992CD9300425DB0 /* PBXContainerItemProxy */ = {
			isa = PBXContainerItemProxy;
			containerPortal = E180B5DD2992CD9100425DB0 /* Project object */;
			proxyType = 1;
			remoteGlobalIDString = E180B5E42992CD9100425DB0;
			remoteInfo = KlipperMon;
		};
		E180B6062992CD9300425DB0 /* PBXContainerItemProxy */ = {
			isa = PBXContainerItemProxy;
			containerPortal = E180B5DD2992CD9100425DB0 /* Project object */;
			proxyType = 1;
			remoteGlobalIDString = E180B5E42992CD9100425DB0;
			remoteInfo = KlipperMon;
		};
/* End PBXContainerItemProxy section */

/* Begin PBXFileReference section */
		E124B9D72993FE5500C0D2D2 /* Info.plist */ = {isa = PBXFileReference; lastKnownFileType = text.plist; path = Info.plist; sourceTree = "<group>"; };
		E124B9D829941A4D00C0D2D2 /* PrinterConfigView.swift */ = {isa = PBXFileReference; lastKnownFileType = sourcecode.swift; path = PrinterConfigView.swift; sourceTree = "<group>"; };
		E16378B129A43CE1002F05E9 /* SoyuzScratchTests.swift */ = {isa = PBXFileReference; lastKnownFileType = sourcecode.swift; path = SoyuzScratchTests.swift; sourceTree = "<group>"; };
		E16378B329A491E6002F05E9 /* PrinterRequestManagerTests.swift */ = {isa = PBXFileReference; lastKnownFileType = sourcecode.swift; path = PrinterRequestManagerTests.swift; sourceTree = "<group>"; };
		E180B5E52992CD9100425DB0 /* Soyuz.app */ = {isa = PBXFileReference; explicitFileType = wrapper.application; includeInIndex = 0; path = Soyuz.app; sourceTree = BUILT_PRODUCTS_DIR; };
		E180B5E82992CD9100425DB0 /* SoyuzApp.swift */ = {isa = PBXFileReference; lastKnownFileType = sourcecode.swift; path = SoyuzApp.swift; sourceTree = "<group>"; };
		E180B5EC2992CD9200425DB0 /* Assets.xcassets */ = {isa = PBXFileReference; lastKnownFileType = folder.assetcatalog; path = Assets.xcassets; sourceTree = "<group>"; };
		E180B5EF2992CD9200425DB0 /* Preview Assets.xcassets */ = {isa = PBXFileReference; lastKnownFileType = folder.assetcatalog; path = "Preview Assets.xcassets"; sourceTree = "<group>"; };
		E180B5F12992CD9200425DB0 /* Persistence.swift */ = {isa = PBXFileReference; lastKnownFileType = sourcecode.swift; path = Persistence.swift; sourceTree = "<group>"; };
		E180B5F42992CD9200425DB0 /* KlipperMon.xcdatamodel */ = {isa = PBXFileReference; lastKnownFileType = wrapper.xcdatamodel; path = KlipperMon.xcdatamodel; sourceTree = "<group>"; };
		E180B5F62992CD9200425DB0 /* Soyuz.entitlements */ = {isa = PBXFileReference; lastKnownFileType = text.plist.entitlements; path = Soyuz.entitlements; sourceTree = "<group>"; };
		E180B5FB2992CD9300425DB0 /* SoyuzTests.xctest */ = {isa = PBXFileReference; explicitFileType = wrapper.cfbundle; includeInIndex = 0; path = SoyuzTests.xctest; sourceTree = BUILT_PRODUCTS_DIR; };
		E180B5FF2992CD9300425DB0 /* SoyuzTests.swift */ = {isa = PBXFileReference; lastKnownFileType = sourcecode.swift; path = SoyuzTests.swift; sourceTree = "<group>"; };
		E180B6052992CD9300425DB0 /* SoyuzUITests.xctest */ = {isa = PBXFileReference; explicitFileType = wrapper.cfbundle; includeInIndex = 0; path = SoyuzUITests.xctest; sourceTree = BUILT_PRODUCTS_DIR; };
		E180B6092992CD9300425DB0 /* SoyuzUITests.swift */ = {isa = PBXFileReference; lastKnownFileType = sourcecode.swift; path = SoyuzUITests.swift; sourceTree = "<group>"; };
		E180B60B2992CD9300425DB0 /* SoyuzUITestsLaunchTests.swift */ = {isa = PBXFileReference; lastKnownFileType = sourcecode.swift; path = SoyuzUITestsLaunchTests.swift; sourceTree = "<group>"; };
		E180B61C2992D53700425DB0 /* PrinterObjectsQuery.swift */ = {isa = PBXFileReference; lastKnownFileType = sourcecode.swift; path = PrinterObjectsQuery.swift; sourceTree = "<group>"; };
		E180B61E2992DBB000425DB0 /* SoyuzMenuBarExtraView.swift */ = {isa = PBXFileReference; lastKnownFileType = sourcecode.swift; path = SoyuzMenuBarExtraView.swift; sourceTree = "<group>"; };
		E180B6212993256E00425DB0 /* PrinterRequestManager.swift */ = {isa = PBXFileReference; lastKnownFileType = sourcecode.swift; path = PrinterRequestManager.swift; sourceTree = "<group>"; };
/* End PBXFileReference section */

/* Begin PBXFrameworksBuildPhase section */
		E180B5E22992CD9100425DB0 /* Frameworks */ = {
			isa = PBXFrameworksBuildPhase;
			buildActionMask = 2147483647;
			files = (
				E1E8B07729949E2700BABE4B /* Starscream in Frameworks */,
			);
			runOnlyForDeploymentPostprocessing = 0;
		};
		E180B5F82992CD9300425DB0 /* Frameworks */ = {
			isa = PBXFrameworksBuildPhase;
			buildActionMask = 2147483647;
			files = (
			);
			runOnlyForDeploymentPostprocessing = 0;
		};
		E180B6022992CD9300425DB0 /* Frameworks */ = {
			isa = PBXFrameworksBuildPhase;
			buildActionMask = 2147483647;
			files = (
			);
			runOnlyForDeploymentPostprocessing = 0;
		};
/* End PBXFrameworksBuildPhase section */

/* Begin PBXGroup section */
		E180B5DC2992CD9100425DB0 = {
			isa = PBXGroup;
			children = (
				E180B5E72992CD9100425DB0 /* Soyuz */,
				E180B5FE2992CD9300425DB0 /* SoyuzTests */,
				E180B6082992CD9300425DB0 /* SoyuzUITests */,
				E180B5E62992CD9100425DB0 /* Products */,
			);
			sourceTree = "<group>";
		};
		E180B5E62992CD9100425DB0 /* Products */ = {
			isa = PBXGroup;
			children = (
				E180B5E52992CD9100425DB0 /* Soyuz.app */,
				E180B5FB2992CD9300425DB0 /* SoyuzTests.xctest */,
				E180B6052992CD9300425DB0 /* SoyuzUITests.xctest */,
			);
			name = Products;
			sourceTree = "<group>";
		};
		E180B5E72992CD9100425DB0 /* Soyuz */ = {
			isa = PBXGroup;
			children = (
				E1A93C6529C92B3500BAE750 /* ViewModels */,
				E1A93C6429C92AEE00BAE750 /* Views */,
				E124B9D72993FE5500C0D2D2 /* Info.plist */,
				E180B5E82992CD9100425DB0 /* SoyuzApp.swift */,
				E180B5EC2992CD9200425DB0 /* Assets.xcassets */,
				E180B5F12992CD9200425DB0 /* Persistence.swift */,
				E180B5F62992CD9200425DB0 /* Soyuz.entitlements */,
				E180B5F32992CD9200425DB0 /* KlipperMon.xcdatamodeld */,
				E180B5EE2992CD9200425DB0 /* Preview Content */,
			);
			path = Soyuz;
			sourceTree = "<group>";
		};
		E180B5EE2992CD9200425DB0 /* Preview Content */ = {
			isa = PBXGroup;
			children = (
				E180B5EF2992CD9200425DB0 /* Preview Assets.xcassets */,
			);
			path = "Preview Content";
			sourceTree = "<group>";
		};
		E180B5FE2992CD9300425DB0 /* SoyuzTests */ = {
			isa = PBXGroup;
			children = (
				E180B5FF2992CD9300425DB0 /* SoyuzTests.swift */,
				E16378B129A43CE1002F05E9 /* SoyuzScratchTests.swift */,
				E16378B329A491E6002F05E9 /* PrinterRequestManagerTests.swift */,
			);
			path = SoyuzTests;
			sourceTree = "<group>";
		};
		E180B6082992CD9300425DB0 /* SoyuzUITests */ = {
			isa = PBXGroup;
			children = (
				E180B6092992CD9300425DB0 /* SoyuzUITests.swift */,
				E180B60B2992CD9300425DB0 /* SoyuzUITestsLaunchTests.swift */,
			);
			path = SoyuzUITests;
			sourceTree = "<group>";
		};
		E1A93C6429C92AEE00BAE750 /* Views */ = {
			isa = PBXGroup;
			children = (
				E180B61E2992DBB000425DB0 /* SoyuzMenuBarExtraView.swift */,
				E124B9D829941A4D00C0D2D2 /* PrinterConfigView.swift */,
			);
			path = Views;
			sourceTree = "<group>";
		};
		E1A93C6529C92B3500BAE750 /* ViewModels */ = {
			isa = PBXGroup;
			children = (
				E180B61C2992D53700425DB0 /* PrinterObjectsQuery.swift */,
				E180B6212993256E00425DB0 /* PrinterRequestManager.swift */,
			);
			path = ViewModels;
			sourceTree = "<group>";
		};
/* End PBXGroup section */

/* Begin PBXNativeTarget section */
		E180B5E42992CD9100425DB0 /* Soyuz */ = {
			isa = PBXNativeTarget;
			buildConfigurationList = E180B60F2992CD9300425DB0 /* Build configuration list for PBXNativeTarget "Soyuz" */;
			buildPhases = (
				E180B5E12992CD9100425DB0 /* Sources */,
				E180B5E22992CD9100425DB0 /* Frameworks */,
				E180B5E32992CD9100425DB0 /* Resources */,
			);
			buildRules = (
			);
			dependencies = (
			);
			name = Soyuz;
			packageProductDependencies = (
				E1E8B07629949E2700BABE4B /* Starscream */,
			);
			productName = KlipperMon;
			productReference = E180B5E52992CD9100425DB0 /* Soyuz.app */;
			productType = "com.apple.product-type.application";
		};
		E180B5FA2992CD9300425DB0 /* SoyuzTests */ = {
			isa = PBXNativeTarget;
			buildConfigurationList = E180B6122992CD9300425DB0 /* Build configuration list for PBXNativeTarget "SoyuzTests" */;
			buildPhases = (
				E180B5F72992CD9300425DB0 /* Sources */,
				E180B5F82992CD9300425DB0 /* Frameworks */,
				E180B5F92992CD9300425DB0 /* Resources */,
			);
			buildRules = (
			);
			dependencies = (
				E180B5FD2992CD9300425DB0 /* PBXTargetDependency */,
			);
			name = SoyuzTests;
			productName = KlipperMonTests;
			productReference = E180B5FB2992CD9300425DB0 /* SoyuzTests.xctest */;
			productType = "com.apple.product-type.bundle.unit-test";
		};
		E180B6042992CD9300425DB0 /* SoyuzUITests */ = {
			isa = PBXNativeTarget;
			buildConfigurationList = E180B6152992CD9300425DB0 /* Build configuration list for PBXNativeTarget "SoyuzUITests" */;
			buildPhases = (
				E180B6012992CD9300425DB0 /* Sources */,
				E180B6022992CD9300425DB0 /* Frameworks */,
				E180B6032992CD9300425DB0 /* Resources */,
			);
			buildRules = (
			);
			dependencies = (
				E180B6072992CD9300425DB0 /* PBXTargetDependency */,
			);
			name = SoyuzUITests;
			productName = KlipperMonUITests;
			productReference = E180B6052992CD9300425DB0 /* SoyuzUITests.xctest */;
			productType = "com.apple.product-type.bundle.ui-testing";
		};
/* End PBXNativeTarget section */

/* Begin PBXProject section */
		E180B5DD2992CD9100425DB0 /* Project object */ = {
			isa = PBXProject;
			attributes = {
				BuildIndependentTargetsInParallel = 1;
				LastSwiftUpdateCheck = 1410;
				LastUpgradeCheck = 1410;
				TargetAttributes = {
					E180B5E42992CD9100425DB0 = {
						CreatedOnToolsVersion = 14.1;
					};
					E180B5FA2992CD9300425DB0 = {
						CreatedOnToolsVersion = 14.1;
						TestTargetID = E180B5E42992CD9100425DB0;
					};
					E180B6042992CD9300425DB0 = {
						CreatedOnToolsVersion = 14.1;
						TestTargetID = E180B5E42992CD9100425DB0;
					};
				};
			};
			buildConfigurationList = E180B5E02992CD9100425DB0 /* Build configuration list for PBXProject "Soyuz" */;
			compatibilityVersion = "Xcode 14.0";
			developmentRegion = en;
			hasScannedForEncodings = 0;
			knownRegions = (
				en,
				Base,
			);
			mainGroup = E180B5DC2992CD9100425DB0;
			packageReferences = (
				E1E8B07529949E2700BABE4B /* XCRemoteSwiftPackageReference "Starscream" */,
			);
			productRefGroup = E180B5E62992CD9100425DB0 /* Products */;
			projectDirPath = "";
			projectRoot = "";
			targets = (
				E180B5E42992CD9100425DB0 /* Soyuz */,
				E180B5FA2992CD9300425DB0 /* SoyuzTests */,
				E180B6042992CD9300425DB0 /* SoyuzUITests */,
			);
		};
/* End PBXProject section */

/* Begin PBXResourcesBuildPhase section */
		E180B5E32992CD9100425DB0 /* Resources */ = {
			isa = PBXResourcesBuildPhase;
			buildActionMask = 2147483647;
			files = (
				E180B5F02992CD9200425DB0 /* Preview Assets.xcassets in Resources */,
				E180B5ED2992CD9200425DB0 /* Assets.xcassets in Resources */,
			);
			runOnlyForDeploymentPostprocessing = 0;
		};
		E180B5F92992CD9300425DB0 /* Resources */ = {
			isa = PBXResourcesBuildPhase;
			buildActionMask = 2147483647;
			files = (
			);
			runOnlyForDeploymentPostprocessing = 0;
		};
		E180B6032992CD9300425DB0 /* Resources */ = {
			isa = PBXResourcesBuildPhase;
			buildActionMask = 2147483647;
			files = (
			);
			runOnlyForDeploymentPostprocessing = 0;
		};
/* End PBXResourcesBuildPhase section */

/* Begin PBXSourcesBuildPhase section */
		E180B5E12992CD9100425DB0 /* Sources */ = {
			isa = PBXSourcesBuildPhase;
			buildActionMask = 2147483647;
			files = (
				E180B61D2992D53700425DB0 /* PrinterObjectsQuery.swift in Sources */,
				E180B5F52992CD9200425DB0 /* KlipperMon.xcdatamodeld in Sources */,
				E124B9D929941A4D00C0D2D2 /* PrinterConfigView.swift in Sources */,
				E180B5F22992CD9200425DB0 /* Persistence.swift in Sources */,
				E180B5E92992CD9100425DB0 /* SoyuzApp.swift in Sources */,
				E180B6222993256E00425DB0 /* PrinterRequestManager.swift in Sources */,
				E180B61F2992DBB000425DB0 /* SoyuzMenuBarExtraView.swift in Sources */,
			);
			runOnlyForDeploymentPostprocessing = 0;
		};
		E180B5F72992CD9300425DB0 /* Sources */ = {
			isa = PBXSourcesBuildPhase;
			buildActionMask = 2147483647;
			files = (
				E180B6002992CD9300425DB0 /* SoyuzTests.swift in Sources */,
				E16378B429A491E6002F05E9 /* PrinterRequestManagerTests.swift in Sources */,
				E16378B229A43CE1002F05E9 /* SoyuzScratchTests.swift in Sources */,
			);
			runOnlyForDeploymentPostprocessing = 0;
		};
		E180B6012992CD9300425DB0 /* Sources */ = {
			isa = PBXSourcesBuildPhase;
			buildActionMask = 2147483647;
			files = (
				E180B60A2992CD9300425DB0 /* SoyuzUITests.swift in Sources */,
				E180B60C2992CD9300425DB0 /* SoyuzUITestsLaunchTests.swift in Sources */,
			);
			runOnlyForDeploymentPostprocessing = 0;
		};
/* End PBXSourcesBuildPhase section */

/* Begin PBXTargetDependency section */
		E180B5FD2992CD9300425DB0 /* PBXTargetDependency */ = {
			isa = PBXTargetDependency;
			target = E180B5E42992CD9100425DB0 /* Soyuz */;
			targetProxy = E180B5FC2992CD9300425DB0 /* PBXContainerItemProxy */;
		};
		E180B6072992CD9300425DB0 /* PBXTargetDependency */ = {
			isa = PBXTargetDependency;
			target = E180B5E42992CD9100425DB0 /* Soyuz */;
			targetProxy = E180B6062992CD9300425DB0 /* PBXContainerItemProxy */;
		};
/* End PBXTargetDependency section */

/* Begin XCBuildConfiguration section */
		E180B60D2992CD9300425DB0 /* Debug */ = {
			isa = XCBuildConfiguration;
			buildSettings = {
				ALWAYS_SEARCH_USER_PATHS = NO;
				CLANG_ANALYZER_NONNULL = YES;
				CLANG_ANALYZER_NUMBER_OBJECT_CONVERSION = YES_AGGRESSIVE;
				CLANG_CXX_LANGUAGE_STANDARD = "gnu++20";
				CLANG_ENABLE_MODULES = YES;
				CLANG_ENABLE_OBJC_ARC = YES;
				CLANG_ENABLE_OBJC_WEAK = YES;
				CLANG_WARN_BLOCK_CAPTURE_AUTORELEASING = YES;
				CLANG_WARN_BOOL_CONVERSION = YES;
				CLANG_WARN_COMMA = YES;
				CLANG_WARN_CONSTANT_CONVERSION = YES;
				CLANG_WARN_DEPRECATED_OBJC_IMPLEMENTATIONS = YES;
				CLANG_WARN_DIRECT_OBJC_ISA_USAGE = YES_ERROR;
				CLANG_WARN_DOCUMENTATION_COMMENTS = YES;
				CLANG_WARN_EMPTY_BODY = YES;
				CLANG_WARN_ENUM_CONVERSION = YES;
				CLANG_WARN_INFINITE_RECURSION = YES;
				CLANG_WARN_INT_CONVERSION = YES;
				CLANG_WARN_NON_LITERAL_NULL_CONVERSION = YES;
				CLANG_WARN_OBJC_IMPLICIT_RETAIN_SELF = YES;
				CLANG_WARN_OBJC_LITERAL_CONVERSION = YES;
				CLANG_WARN_OBJC_ROOT_CLASS = YES_ERROR;
				CLANG_WARN_QUOTED_INCLUDE_IN_FRAMEWORK_HEADER = YES;
				CLANG_WARN_RANGE_LOOP_ANALYSIS = YES;
				CLANG_WARN_STRICT_PROTOTYPES = YES;
				CLANG_WARN_SUSPICIOUS_MOVE = YES;
				CLANG_WARN_UNGUARDED_AVAILABILITY = YES_AGGRESSIVE;
				CLANG_WARN_UNREACHABLE_CODE = YES;
				CLANG_WARN__DUPLICATE_METHOD_MATCH = YES;
				COPY_PHASE_STRIP = NO;
				DEBUG_INFORMATION_FORMAT = dwarf;
				ENABLE_STRICT_OBJC_MSGSEND = YES;
				ENABLE_TESTABILITY = YES;
				GCC_C_LANGUAGE_STANDARD = gnu11;
				GCC_DYNAMIC_NO_PIC = NO;
				GCC_NO_COMMON_BLOCKS = YES;
				GCC_OPTIMIZATION_LEVEL = 0;
				GCC_PREPROCESSOR_DEFINITIONS = (
					"DEBUG=1",
					"$(inherited)",
				);
				GCC_WARN_64_TO_32_BIT_CONVERSION = YES;
				GCC_WARN_ABOUT_RETURN_TYPE = YES_ERROR;
				GCC_WARN_UNDECLARED_SELECTOR = YES;
				GCC_WARN_UNINITIALIZED_AUTOS = YES_AGGRESSIVE;
				GCC_WARN_UNUSED_FUNCTION = YES;
				GCC_WARN_UNUSED_VARIABLE = YES;
				MACOSX_DEPLOYMENT_TARGET = 13.0;
				MTL_ENABLE_DEBUG_INFO = INCLUDE_SOURCE;
				MTL_FAST_MATH = YES;
				ONLY_ACTIVE_ARCH = YES;
				SDKROOT = macosx;
				SWIFT_ACTIVE_COMPILATION_CONDITIONS = DEBUG;
				SWIFT_OPTIMIZATION_LEVEL = "-Onone";
			};
			name = Debug;
		};
		E180B60E2992CD9300425DB0 /* Release */ = {
			isa = XCBuildConfiguration;
			buildSettings = {
				ALWAYS_SEARCH_USER_PATHS = NO;
				CLANG_ANALYZER_NONNULL = YES;
				CLANG_ANALYZER_NUMBER_OBJECT_CONVERSION = YES_AGGRESSIVE;
				CLANG_CXX_LANGUAGE_STANDARD = "gnu++20";
				CLANG_ENABLE_MODULES = YES;
				CLANG_ENABLE_OBJC_ARC = YES;
				CLANG_ENABLE_OBJC_WEAK = YES;
				CLANG_WARN_BLOCK_CAPTURE_AUTORELEASING = YES;
				CLANG_WARN_BOOL_CONVERSION = YES;
				CLANG_WARN_COMMA = YES;
				CLANG_WARN_CONSTANT_CONVERSION = YES;
				CLANG_WARN_DEPRECATED_OBJC_IMPLEMENTATIONS = YES;
				CLANG_WARN_DIRECT_OBJC_ISA_USAGE = YES_ERROR;
				CLANG_WARN_DOCUMENTATION_COMMENTS = YES;
				CLANG_WARN_EMPTY_BODY = YES;
				CLANG_WARN_ENUM_CONVERSION = YES;
				CLANG_WARN_INFINITE_RECURSION = YES;
				CLANG_WARN_INT_CONVERSION = YES;
				CLANG_WARN_NON_LITERAL_NULL_CONVERSION = YES;
				CLANG_WARN_OBJC_IMPLICIT_RETAIN_SELF = YES;
				CLANG_WARN_OBJC_LITERAL_CONVERSION = YES;
				CLANG_WARN_OBJC_ROOT_CLASS = YES_ERROR;
				CLANG_WARN_QUOTED_INCLUDE_IN_FRAMEWORK_HEADER = YES;
				CLANG_WARN_RANGE_LOOP_ANALYSIS = YES;
				CLANG_WARN_STRICT_PROTOTYPES = YES;
				CLANG_WARN_SUSPICIOUS_MOVE = YES;
				CLANG_WARN_UNGUARDED_AVAILABILITY = YES_AGGRESSIVE;
				CLANG_WARN_UNREACHABLE_CODE = YES;
				CLANG_WARN__DUPLICATE_METHOD_MATCH = YES;
				COPY_PHASE_STRIP = NO;
				DEBUG_INFORMATION_FORMAT = "dwarf-with-dsym";
				ENABLE_NS_ASSERTIONS = NO;
				ENABLE_STRICT_OBJC_MSGSEND = YES;
				GCC_C_LANGUAGE_STANDARD = gnu11;
				GCC_NO_COMMON_BLOCKS = YES;
				GCC_WARN_64_TO_32_BIT_CONVERSION = YES;
				GCC_WARN_ABOUT_RETURN_TYPE = YES_ERROR;
				GCC_WARN_UNDECLARED_SELECTOR = YES;
				GCC_WARN_UNINITIALIZED_AUTOS = YES_AGGRESSIVE;
				GCC_WARN_UNUSED_FUNCTION = YES;
				GCC_WARN_UNUSED_VARIABLE = YES;
				MACOSX_DEPLOYMENT_TARGET = 13.0;
				MTL_ENABLE_DEBUG_INFO = NO;
				MTL_FAST_MATH = YES;
				SDKROOT = macosx;
				SWIFT_COMPILATION_MODE = wholemodule;
				SWIFT_OPTIMIZATION_LEVEL = "-O";
			};
			name = Release;
		};
		E180B6102992CD9300425DB0 /* Debug */ = {
			isa = XCBuildConfiguration;
			buildSettings = {
				ASSETCATALOG_COMPILER_APPICON_NAME = AppIcon;
				ASSETCATALOG_COMPILER_GLOBAL_ACCENT_COLOR_NAME = AccentColor;
				CODE_SIGN_ENTITLEMENTS = Soyuz/Soyuz.entitlements;
				"CODE_SIGN_IDENTITY[sdk=macosx*]" = "Apple Development";
				CODE_SIGN_STYLE = Automatic;
				COMBINE_HIDPI_IMAGES = YES;
				CURRENT_PROJECT_VERSION = 1;
				DEVELOPMENT_ASSET_PATHS = "Soyuz/Preview\\ Content";
				DEVELOPMENT_TEAM = W9ASV855X5;
				ENABLE_HARDENED_RUNTIME = YES;
				ENABLE_PREVIEWS = YES;
				GENERATE_INFOPLIST_FILE = YES;
				INFOPLIST_FILE = Soyuz/Info.plist;
				INFOPLIST_KEY_LSUIElement = NO;
				INFOPLIST_KEY_NSHumanReadableCopyright = "";
				LD_RUNPATH_SEARCH_PATHS = (
					"$(inherited)",
					"@executable_path/../Frameworks",
				);
				MARKETING_VERSION = 1.0;
				PRODUCT_BUNDLE_IDENTIFIER = info.maddie.Soyuz;
				PRODUCT_NAME = "$(TARGET_NAME)";
				SWIFT_EMIT_LOC_STRINGS = YES;
				SWIFT_VERSION = 5.0;
			};
			name = Debug;
		};
		E180B6112992CD9300425DB0 /* Release */ = {
			isa = XCBuildConfiguration;
			buildSettings = {
				ASSETCATALOG_COMPILER_APPICON_NAME = AppIcon;
				ASSETCATALOG_COMPILER_GLOBAL_ACCENT_COLOR_NAME = AccentColor;
				CODE_SIGN_ENTITLEMENTS = Soyuz/Soyuz.entitlements;
				"CODE_SIGN_IDENTITY[sdk=macosx*]" = "Apple Development";
				CODE_SIGN_STYLE = Automatic;
				COMBINE_HIDPI_IMAGES = YES;
				CURRENT_PROJECT_VERSION = 1;
				DEVELOPMENT_ASSET_PATHS = "Soyuz/Preview\\ Content";
				DEVELOPMENT_TEAM = W9ASV855X5;
				ENABLE_HARDENED_RUNTIME = YES;
				ENABLE_PREVIEWS = YES;
				GENERATE_INFOPLIST_FILE = YES;
				INFOPLIST_FILE = Soyuz/Info.plist;
				INFOPLIST_KEY_LSUIElement = NO;
				INFOPLIST_KEY_NSHumanReadableCopyright = "";
				LD_RUNPATH_SEARCH_PATHS = (
					"$(inherited)",
					"@executable_path/../Frameworks",
				);
				MARKETING_VERSION = 1.0;
				PRODUCT_BUNDLE_IDENTIFIER = info.maddie.Soyuz;
				PRODUCT_NAME = "$(TARGET_NAME)";
				SWIFT_EMIT_LOC_STRINGS = YES;
				SWIFT_VERSION = 5.0;
			};
			name = Release;
		};
		E180B6132992CD9300425DB0 /* Debug */ = {
			isa = XCBuildConfiguration;
			buildSettings = {
				ALWAYS_EMBED_SWIFT_STANDARD_LIBRARIES = YES;
				BUNDLE_LOADER = "$(TEST_HOST)";
				CODE_SIGN_STYLE = Automatic;
				CURRENT_PROJECT_VERSION = 1;
				DEVELOPMENT_TEAM = W9ASV855X5;
				GENERATE_INFOPLIST_FILE = YES;
				MACOSX_DEPLOYMENT_TARGET = 13.0;
				MARKETING_VERSION = 1.0;
				PRODUCT_BUNDLE_IDENTIFIER = info.maddie.KlipperMonTests;
				PRODUCT_NAME = "$(TARGET_NAME)";
				SWIFT_EMIT_LOC_STRINGS = NO;
				SWIFT_VERSION = 5.0;
				TEST_HOST = "$(BUILT_PRODUCTS_DIR)/Soyuz.app/$(BUNDLE_EXECUTABLE_FOLDER_PATH)/Soyuz";
			};
			name = Debug;
		};
		E180B6142992CD9300425DB0 /* Release */ = {
			isa = XCBuildConfiguration;
			buildSettings = {
				ALWAYS_EMBED_SWIFT_STANDARD_LIBRARIES = YES;
				BUNDLE_LOADER = "$(TEST_HOST)";
				CODE_SIGN_STYLE = Automatic;
				CURRENT_PROJECT_VERSION = 1;
				DEVELOPMENT_TEAM = W9ASV855X5;
				GENERATE_INFOPLIST_FILE = YES;
				MACOSX_DEPLOYMENT_TARGET = 13.0;
				MARKETING_VERSION = 1.0;
				PRODUCT_BUNDLE_IDENTIFIER = info.maddie.KlipperMonTests;
				PRODUCT_NAME = "$(TARGET_NAME)";
				SWIFT_EMIT_LOC_STRINGS = NO;
				SWIFT_VERSION = 5.0;
				TEST_HOST = "$(BUILT_PRODUCTS_DIR)/Soyuz.app/$(BUNDLE_EXECUTABLE_FOLDER_PATH)/Soyuz";
			};
			name = Release;
		};
		E180B6162992CD9300425DB0 /* Debug */ = {
			isa = XCBuildConfiguration;
			buildSettings = {
				ALWAYS_EMBED_SWIFT_STANDARD_LIBRARIES = YES;
				CODE_SIGN_STYLE = Automatic;
				CURRENT_PROJECT_VERSION = 1;
				DEVELOPMENT_TEAM = W9ASV855X5;
				GENERATE_INFOPLIST_FILE = YES;
				MARKETING_VERSION = 1.0;
				PRODUCT_BUNDLE_IDENTIFIER = info.maddie.KlipperMonUITests;
				PRODUCT_NAME = "$(TARGET_NAME)";
				SWIFT_EMIT_LOC_STRINGS = NO;
				SWIFT_VERSION = 5.0;
				TEST_TARGET_NAME = KlipperMon;
			};
			name = Debug;
		};
		E180B6172992CD9300425DB0 /* Release */ = {
			isa = XCBuildConfiguration;
			buildSettings = {
				ALWAYS_EMBED_SWIFT_STANDARD_LIBRARIES = YES;
				CODE_SIGN_STYLE = Automatic;
				CURRENT_PROJECT_VERSION = 1;
				DEVELOPMENT_TEAM = W9ASV855X5;
				GENERATE_INFOPLIST_FILE = YES;
				MARKETING_VERSION = 1.0;
				PRODUCT_BUNDLE_IDENTIFIER = info.maddie.KlipperMonUITests;
				PRODUCT_NAME = "$(TARGET_NAME)";
				SWIFT_EMIT_LOC_STRINGS = NO;
				SWIFT_VERSION = 5.0;
				TEST_TARGET_NAME = KlipperMon;
			};
			name = Release;
		};
/* End XCBuildConfiguration section */

/* Begin XCConfigurationList section */
		E180B5E02992CD9100425DB0 /* Build configuration list for PBXProject "Soyuz" */ = {
			isa = XCConfigurationList;
			buildConfigurations = (
				E180B60D2992CD9300425DB0 /* Debug */,
				E180B60E2992CD9300425DB0 /* Release */,
			);
			defaultConfigurationIsVisible = 0;
			defaultConfigurationName = Release;
		};
		E180B60F2992CD9300425DB0 /* Build configuration list for PBXNativeTarget "Soyuz" */ = {
			isa = XCConfigurationList;
			buildConfigurations = (
				E180B6102992CD9300425DB0 /* Debug */,
				E180B6112992CD9300425DB0 /* Release */,
			);
			defaultConfigurationIsVisible = 0;
			defaultConfigurationName = Release;
		};
		E180B6122992CD9300425DB0 /* Build configuration list for PBXNativeTarget "SoyuzTests" */ = {
			isa = XCConfigurationList;
			buildConfigurations = (
				E180B6132992CD9300425DB0 /* Debug */,
				E180B6142992CD9300425DB0 /* Release */,
			);
			defaultConfigurationIsVisible = 0;
			defaultConfigurationName = Release;
		};
		E180B6152992CD9300425DB0 /* Build configuration list for PBXNativeTarget "SoyuzUITests" */ = {
			isa = XCConfigurationList;
			buildConfigurations = (
				E180B6162992CD9300425DB0 /* Debug */,
				E180B6172992CD9300425DB0 /* Release */,
			);
			defaultConfigurationIsVisible = 0;
			defaultConfigurationName = Release;
		};
/* End XCConfigurationList section */

/* Begin XCRemoteSwiftPackageReference section */
		E1E8B07529949E2700BABE4B /* XCRemoteSwiftPackageReference "Starscream" */ = {
			isa = XCRemoteSwiftPackageReference;
			repositoryURL = "https://github.com/daltoniam/Starscream.git";
			requirement = {
				kind = upToNextMajorVersion;
				minimumVersion = 4.0.0;
			};
		};
/* End XCRemoteSwiftPackageReference section */

/* Begin XCSwiftPackageProductDependency section */
		E1E8B07629949E2700BABE4B /* Starscream */ = {
			isa = XCSwiftPackageProductDependency;
			package = E1E8B07529949E2700BABE4B /* XCRemoteSwiftPackageReference "Starscream" */;
			productName = Starscream;
		};
/* End XCSwiftPackageProductDependency section */

/* Begin XCVersionGroup section */
		E180B5F32992CD9200425DB0 /* KlipperMon.xcdatamodeld */ = {
			isa = XCVersionGroup;
			children = (
				E180B5F42992CD9200425DB0 /* KlipperMon.xcdatamodel */,
			);
			currentVersion = E180B5F42992CD9200425DB0 /* KlipperMon.xcdatamodel */;
			path = KlipperMon.xcdatamodeld;
			sourceTree = "<group>";
			versionGroupType = wrapper.xcdatamodel;
		};
/* End XCVersionGroup section */
	};
	rootObject = E180B5DD2992CD9100425DB0 /* Project object */;
}
